
Microsoft Visual Studio Solution File, Format Version 9.00
# Visual C++ Express 2005
Project("{8BC9CEB8-8B4A-11D0-8D11-00A0C91BC942}") = "fractured", "fractured.vcproj", "{FBA5C80D-93F4-415E-A96C-2F36343654D6}"
EndProject
Global
	GlobalSection(SolutionConfigurationPlatforms) = preSolution
		Debug|Win32 = Debug|Win32
		Release|Win32 = Release|Win32
	EndGlobalSection
	GlobalSection(ProjectConfigurationPlatforms) = postSolution
		{FBA5C80D-93F4-415E-A96C-2F36343654D6}.Debug|Win32.ActiveCfg = Debug|Win32
		{FBA5C80D-93F4-415E-A96C-2F36343654D6}.Debug|Win32.Build.0 = Debug|Win32
		{FBA5C80D-93F4-415E-A96C-2F36343654D6}.Release|Win32.ActiveCfg = Release|Win32
		{FBA5C80D-93F4-415E-A96C-2F36343654D6}.Release|Win32.Build.0 = Release|Win32
	EndGlobalSection
	GlobalSection(SolutionProperties) = preSolution
		HideSolutionNode = FALSE
	EndGlobalSection
EndGlobal
