
Microsoft Visual Studio Solution File, Format Version 12.00
# Visual Studio Version 16
VisualStudioVersion = 16.0.32126.315
MinimumVisualStudioVersion = 10.0.40219.1
Project("{8BC9CEB8-8B4A-11D0-8D11-00A0C91BC942}") = "ExtractJfifPng", "ExtractJfifPng.vcxproj", "{ECA3679B-8523-472C-A49F-2A79C7112407}"
EndProject
Global
	GlobalSection(SolutionConfigurationPlatforms) = preSolution
		Debug|x86 = Debug|x86
		Release|x86 = Release|x86
	EndGlobalSection
	GlobalSection(ProjectConfigurationPlatforms) = postSolution
		{ECA3679B-8523-472C-A49F-2A79C7112407}.Debug|x86.ActiveCfg = Debug|Win32
		{ECA3679B-8523-472C-A49F-2A79C7112407}.Debug|x86.Build.0 = Debug|Win32
		{ECA3679B-8523-472C-A49F-2A79C7112407}.Release|x86.ActiveCfg = Release|Win32
		{ECA3679B-8523-472C-A49F-2A79C7112407}.Release|x86.Build.0 = Release|Win32
	EndGlobalSection
	GlobalSection(SolutionProperties) = preSolution
		HideSolutionNode = FALSE
	EndGlobalSection
	GlobalSection(ExtensibilityGlobals) = postSolution
		SolutionGuid = {F9E26B67-C224-4C3E-8668-D6D82D995FBC}
	EndGlobalSection
EndGlobal
