Microsoft Visual Studio Solution File, Format Version 10.00
# Visual C++ Express 2008
Project("{8BC9CEB8-8B4A-11D0-8D11-00A0C91BC942}") = "UcdTool", "UcdTool.vcproj", "{8CB58C23-F779-41E6-9913-CCBADAEEEDFA}"
EndProject
Global
	GlobalSection(SolutionConfigurationPlatforms) = preSolution
		Debug|Win32 = Debug|Win32
		Release|Win32 = Release|Win32
	EndGlobalSection
	GlobalSection(ProjectConfigurationPlatforms) = postSolution
		{8CB58C23-F779-41E6-9913-CCBADAEEEDFA}.Debug|Win32.ActiveCfg = Debug|Win32
		{8CB58C23-F779-41E6-9913-CCBADAEEEDFA}.Debug|Win32.Build.0 = Debug|Win32
		{8CB58C23-F779-41E6-9913-CCBADAEEEDFA}.Release|Win32.ActiveCfg = Release|Win32
		{8CB58C23-F779-41E6-9913-CCBADAEEEDFA}.Release|Win32.Build.0 = Release|Win32
	EndGlobalSection
	GlobalSection(SolutionProperties) = preSolution
		HideSolutionNode = FALSE
	EndGlobalSection
EndGlobal
