<?xml version="1.0" encoding="utf-8"?>
<Project ToolsVersion="4.0" xmlns="http://schemas.microsoft.com/developer/msbuild/2003">
  <ItemGroup>
    <Filter Include="Header Files">
      <UniqueIdentifier>{93995380-89BD-4b04-88EB-625FBE52EBFB}</UniqueIdentifier>
      <Extensions>h;hpp;hxx;hm;inl;inc;xsd</Extensions>
    </Filter>
    <Filter Include="Resource Files">
      <UniqueIdentifier>{67DA6AB6-F800-4c08-8B7A-83BB121AAD01}</UniqueIdentifier>
      <Extensions>rc;ico;cur;bmp;dlg;rc2;rct;bin;rgs;gif;jpg;jpeg;jpe;resx</Extensions>
    </Filter>
    <Filter Include="Source Files">
      <UniqueIdentifier>{4FC737F1-C7A5-4376-A066-2A32D752A2FF}</UniqueIdentifier>
      <Extensions>cpp;c;cc;cxx;def;odl;idl;hpj;bat;asm;asmx</Extensions>
    </Filter>
  </ItemGroup>
  <ItemGroup>
    <ClInclude Include="app\Application.h">
      <Filter>Header Files</Filter>
    </ClInclude>
    <ClInclude Include="ui\Button.h">
      <Filter>Header Files</Filter>
    </ClInclude>
    <ClInclude Include="ui\ButtonGroup.h">
      <Filter>Header Files</Filter>
    </ClInclude>
    <ClInclude Include="editor\Clipboard.h">
      <Filter>Header Files</Filter>
    </ClInclude>
    <ClInclude Include="editor\Common.h">
      <Filter>Header Files</Filter>
    </ClInclude>
    <ClInclude Include="common\Common.h">
      <Filter>Header Files</Filter>
    </ClInclude>
    <ClInclude Include="renderer\DrawingEffect.h">
      <Filter>Header Files</Filter>
    </ClInclude>
    <ClInclude Include="editor\EditableLayout.h">
      <Filter>Header Files</Filter>
    </ClInclude>
    <ClInclude Include="editor\Error.h">
      <Filter>Header Files</Filter>
    </ClInclude>
    <ClInclude Include="common\Exceptions.h">
      <Filter>Header Files</Filter>
    </ClInclude>
    <ClInclude Include="editor\ExtendedInterfaces.h">
      <Filter>Header Files</Filter>
    </ClInclude>
    <ClInclude Include="ui\FlatButton.h">
      <Filter>Header Files</Filter>
    </ClInclude>
    <ClInclude Include="renderer\InlineImage.h">
      <Filter>Header Files</Filter>
    </ClInclude>
    <ClInclude Include="ui\Label.h">
      <Filter>Header Files</Filter>
    </ClInclude>
    <ClInclude Include="ui\ListControl.h">
      <Filter>Header Files</Filter>
    </ClInclude>
    <ClInclude Include="ui\ListPopup.h">
      <Filter>Header Files</Filter>
    </ClInclude>
    <ClInclude Include="common\Pointers.h">
      <Filter>Header Files</Filter>
    </ClInclude>
    <ClInclude Include="ui\precomp.h">
      <Filter>Header Files</Filter>
    </ClInclude>
    <ClInclude Include="renderer\precomp.h">
      <Filter>Header Files</Filter>
    </ClInclude>
    <ClInclude Include="common\precomp.h">
      <Filter>Header Files</Filter>
    </ClInclude>
    <ClInclude Include="editor\precomp.h">
      <Filter>Header Files</Filter>
    </ClInclude>
    <ClInclude Include="app\precomp.h">
      <Filter>Header Files</Filter>
    </ClInclude>
    <ClInclude Include="app\ProfilerWindow.h">
      <Filter>Header Files</Filter>
    </ClInclude>
    <ClInclude Include="renderer\RenderTarget.h">
      <Filter>Header Files</Filter>
    </ClInclude>
    <ClInclude Include="ui\Ribbon.h">
      <Filter>Header Files</Filter>
    </ClInclude>
    <ClInclude Include="ui\RibbonChunk.h">
      <Filter>Header Files</Filter>
    </ClInclude>
    <ClInclude Include="ui\StatusBar.h">
      <Filter>Header Files</Filter>
    </ClInclude>
    <ClInclude Include="editor\TextEditor.h">
      <Filter>Header Files</Filter>
    </ClInclude>
    <ClInclude Include="ui\TextList.h">
      <Filter>Header Files</Filter>
    </ClInclude>
    <ClInclude Include="ui\UiContainer.h">
      <Filter>Header Files</Filter>
    </ClInclude>
    <ClInclude Include="ui\UiControl.h">
      <Filter>Header Files</Filter>
    </ClInclude>
    <ClInclude Include="ui\UiDefs.h">
      <Filter>Header Files</Filter>
    </ClInclude>
    <ClInclude Include="ui\UiDispatcher.h">
      <Filter>Header Files</Filter>
    </ClInclude>
    <ClInclude Include="ui\UiMenu.h">
      <Filter>Header Files</Filter>
    </ClInclude>
    <ClInclude Include="ui\UiScroll.h">
      <Filter>Header Files</Filter>
    </ClInclude>
    <ClInclude Include="ui\UiTheme.h">
      <Filter>Header Files</Filter>
    </ClInclude>
    <ClInclude Include="ui\UiThemeDefs.h">
      <Filter>Header Files</Filter>
    </ClInclude>
    <ClInclude Include="ui\UiToolbarButton.h">
      <Filter>Header Files</Filter>
    </ClInclude>
    <ClInclude Include="ui\Window.h">
      <Filter>Header Files</Filter>
    </ClInclude>
  </ItemGroup>
  <ItemGroup>
    <ResourceCompile Include="app\Application.rc">
      <Filter>Resource Files</Filter>
    </ResourceCompile>
  </ItemGroup>
  <ItemGroup>
    <None Include="resources\DWriteIcon.ico">
      <Filter>Resource Files</Filter>
    </None>
    <None Include="common\sources" />
    <None Include="ui\sources" />
    <None Include="renderer\sources" />
    <None Include="app\sources" />
    <None Include="editor\sources" />
  </ItemGroup>
  <ItemGroup>
    <ClCompile Include="app\Application.cpp">
      <Filter>Source Files</Filter>
    </ClCompile>
    <ClCompile Include="ui\Button.cpp">
      <Filter>Source Files</Filter>
    </ClCompile>
    <ClCompile Include="ui\ButtonGroup.cpp">
      <Filter>Source Files</Filter>
    </ClCompile>
    <ClCompile Include="editor\Clipboard.cpp">
      <Filter>Source Files</Filter>
    </ClCompile>
    <ClCompile Include="common\Common.cpp">
      <Filter>Source Files</Filter>
    </ClCompile>
    <ClCompile Include="editor\EditableLayout.cpp">
      <Filter>Source Files</Filter>
    </ClCompile>
    <ClCompile Include="ui\FlatButton.cpp">
      <Filter>Source Files</Filter>
    </ClCompile>
    <ClCompile Include="renderer\InlineImage.cpp">
      <Filter>Source Files</Filter>
    </ClCompile>
    <ClCompile Include="ui\Label.cpp">
      <Filter>Source Files</Filter>
    </ClCompile>
    <ClCompile Include="ui\ListControl.cpp">
      <Filter>Source Files</Filter>
    </ClCompile>
    <ClCompile Include="ui\ListPopup.cpp">
      <Filter>Source Files</Filter>
    </ClCompile>
    <ClCompile Include="app\ProfilerWindow.cpp">
      <Filter>Source Files</Filter>
    </ClCompile>
    <ClCompile Include="renderer\RenderTarget.cpp">
      <Filter>Source Files</Filter>
    </ClCompile>
    <ClCompile Include="ui\Ribbon.cpp">
      <Filter>Source Files</Filter>
    </ClCompile>
    <ClCompile Include="ui\RibbonChunk.cpp">
      <Filter>Source Files</Filter>
    </ClCompile>
    <ClCompile Include="ui\StatusBar.cpp">
      <Filter>Source Files</Filter>
    </ClCompile>
    <ClCompile Include="editor\TextEditor.cpp">
      <Filter>Source Files</Filter>
    </ClCompile>
    <ClCompile Include="ui\TextList.cpp">
      <Filter>Source Files</Filter>
    </ClCompile>
    <ClCompile Include="ui\UiContainer.cpp">
      <Filter>Source Files</Filter>
    </ClCompile>
    <ClCompile Include="ui\UiControl.cpp">
      <Filter>Source Files</Filter>
    </ClCompile>
    <ClCompile Include="ui\UiDispatcher.cpp">
      <Filter>Source Files</Filter>
    </ClCompile>
    <ClCompile Include="ui\UiTheme.cpp">
      <Filter>Source Files</Filter>
    </ClCompile>
    <ClCompile Include="ui\Window.cpp">
      <Filter>Source Files</Filter>
    </ClCompile>
  </ItemGroup>
</Project>