
Microsoft Visual Studio Solution File, Format Version 9.00
# Visual C++ Express 2005
Project("{8BC9CEB8-8B4A-11D0-8D11-00A0C91BC942}") = "reactdiffuse", "reactdiffuse.vcproj", "{67E2A8C5-3CB1-4913-AE3D-1F93091867ED}"
EndProject
Global
	GlobalSection(SolutionConfigurationPlatforms) = preSolution
		Debug|Win32 = Debug|Win32
		Release|Win32 = Release|Win32
	EndGlobalSection
	GlobalSection(ProjectConfigurationPlatforms) = postSolution
		{67E2A8C5-3CB1-4913-AE3D-1F93091867ED}.Debug|Win32.ActiveCfg = Debug|Win32
		{67E2A8C5-3CB1-4913-AE3D-1F93091867ED}.Debug|Win32.Build.0 = Debug|Win32
		{67E2A8C5-3CB1-4913-AE3D-1F93091867ED}.Release|Win32.ActiveCfg = Release|Win32
		{67E2A8C5-3CB1-4913-AE3D-1F93091867ED}.Release|Win32.Build.0 = Release|Win32
	EndGlobalSection
	GlobalSection(SolutionProperties) = preSolution
		HideSolutionNode = FALSE
	EndGlobalSection
EndGlobal
